// !$*UTF8*$!
{
	archiveVersion = 1;
	classes = {
	};
	objectVersion = 51;
	objects = {

/* Begin PBXBuildFile section */
		2AF0445355240BCBAD210047 /* Pods_exit_ios.framework in Frameworks */ = {isa = PBXBuildFile; fileRef = 94087F1F77F37409A1D142DE /* Pods_exit_ios.framework */; };
		67B0F6AA23420171000D0387 /* AppDelegate.swift in Sources */ = {isa = PBXBuildFile; fileRef = 67B0F6A923420171000D0387 /* AppDelegate.swift */; };
		67B0F6AC23420171000D0387 /* SceneDelegate.swift in Sources */ = {isa = PBXBuildFile; fileRef = 67B0F6AB23420171000D0387 /* SceneDelegate.swift */; };
		67B0F6AE23420171000D0387 /* ViewController.swift in Sources */ = {isa = PBXBuildFile; fileRef = 67B0F6AD23420171000D0387 /* ViewController.swift */; };
		67B0F6B123420171000D0387 /* Main.storyboard in Resources */ = {isa = PBXBuildFile; fileRef = 67B0F6AF23420171000D0387 /* Main.storyboard */; };
		67B0F6B323420172000D0387 /* Assets.xcassets in Resources */ = {isa = PBXBuildFile; fileRef = 67B0F6B223420172000D0387 /* Assets.xcassets */; };
		67B0F6B623420172000D0387 /* LaunchScreen.storyboard in Resources */ = {isa = PBXBuildFile; fileRef = 67B0F6B423420172000D0387 /* LaunchScreen.storyboard */; };
		67B0F6C123420172000D0387 /* exit_iosTests.swift in Sources */ = {isa = PBXBuildFile; fileRef = 67B0F6C023420172000D0387 /* exit_iosTests.swift */; };
		67B0F6CC23420172000D0387 /* exit_iosUITests.swift in Sources */ = {isa = PBXBuildFile; fileRef = 67B0F6CB23420172000D0387 /* exit_iosUITests.swift */; };
		67B0F6DA23420265000D0387 /* SEMeetingViewController.swift in Sources */ = {isa = PBXBuildFile; fileRef = 67B0F6D923420265000D0387 /* SEMeetingViewController.swift */; };
		67E4F4D5234483B4004BCC54 /* SEDateCell.swift in Sources */ = {isa = PBXBuildFile; fileRef = 67E4F4D4234483B4004BCC54 /* SEDateCell.swift */; };
		945C19BF67DBE8CB474617D6 /* Pods_exit_iosTests.framework in Frameworks */ = {isa = PBXBuildFile; fileRef = 4B48C69D508609942DC1D949 /* Pods_exit_iosTests.framework */; };
		ACB65286C27FEF7549C186CF /* Pods_exit_iosUITests.framework in Frameworks */ = {isa = PBXBuildFile; fileRef = F3D5399BDDF3CD3C75ED6D9E /* Pods_exit_iosUITests.framework */; };
/* End PBXBuildFile section */

/* Begin PBXContainerItemProxy section */
		67B0F6BD23420172000D0387 /* PBXContainerItemProxy */ = {
			isa = PBXContainerItemProxy;
			containerPortal = 67B0F69E23420170000D0387 /* Project object */;
			proxyType = 1;
			remoteGlobalIDString = 67B0F6A523420170000D0387;
			remoteInfo = "exit-ios";
		};
		67B0F6C823420172000D0387 /* PBXContainerItemProxy */ = {
			isa = PBXContainerItemProxy;
			containerPortal = 67B0F69E23420170000D0387 /* Project object */;
			proxyType = 1;
			remoteGlobalIDString = 67B0F6A523420170000D0387;
			remoteInfo = "exit-ios";
		};
/* End PBXContainerItemProxy section */

/* Begin PBXFileReference section */
		4B48C69D508609942DC1D949 /* Pods_exit_iosTests.framework */ = {isa = PBXFileReference; explicitFileType = wrapper.framework; includeInIndex = 0; path = Pods_exit_iosTests.framework; sourceTree = BUILT_PRODUCTS_DIR; };
		67B0F6A623420170000D0387 /* exit-ios.app */ = {isa = PBXFileReference; explicitFileType = wrapper.application; includeInIndex = 0; path = "exit-ios.app"; sourceTree = BUILT_PRODUCTS_DIR; };
		67B0F6A923420171000D0387 /* AppDelegate.swift */ = {isa = PBXFileReference; lastKnownFileType = sourcecode.swift; path = AppDelegate.swift; sourceTree = "<group>"; };
		67B0F6AB23420171000D0387 /* SceneDelegate.swift */ = {isa = PBXFileReference; lastKnownFileType = sourcecode.swift; path = SceneDelegate.swift; sourceTree = "<group>"; };
		67B0F6AD23420171000D0387 /* ViewController.swift */ = {isa = PBXFileReference; lastKnownFileType = sourcecode.swift; path = ViewController.swift; sourceTree = "<group>"; };
		67B0F6B023420171000D0387 /* Base */ = {isa = PBXFileReference; lastKnownFileType = file.storyboard; name = Base; path = Base.lproj/Main.storyboard; sourceTree = "<group>"; };
		67B0F6B223420172000D0387 /* Assets.xcassets */ = {isa = PBXFileReference; lastKnownFileType = folder.assetcatalog; path = Assets.xcassets; sourceTree = "<group>"; };
		67B0F6B523420172000D0387 /* Base */ = {isa = PBXFileReference; lastKnownFileType = file.storyboard; name = Base; path = Base.lproj/LaunchScreen.storyboard; sourceTree = "<group>"; };
		67B0F6B723420172000D0387 /* Info.plist */ = {isa = PBXFileReference; lastKnownFileType = text.plist.xml; path = Info.plist; sourceTree = "<group>"; };
		67B0F6BC23420172000D0387 /* exit-iosTests.xctest */ = {isa = PBXFileReference; explicitFileType = wrapper.cfbundle; includeInIndex = 0; path = "exit-iosTests.xctest"; sourceTree = BUILT_PRODUCTS_DIR; };
		67B0F6C023420172000D0387 /* exit_iosTests.swift */ = {isa = PBXFileReference; lastKnownFileType = sourcecode.swift; path = exit_iosTests.swift; sourceTree = "<group>"; };
		67B0F6C223420172000D0387 /* Info.plist */ = {isa = PBXFileReference; lastKnownFileType = text.plist.xml; path = Info.plist; sourceTree = "<group>"; };
		67B0F6C723420172000D0387 /* exit-iosUITests.xctest */ = {isa = PBXFileReference; explicitFileType = wrapper.cfbundle; includeInIndex = 0; path = "exit-iosUITests.xctest"; sourceTree = BUILT_PRODUCTS_DIR; };
		67B0F6CB23420172000D0387 /* exit_iosUITests.swift */ = {isa = PBXFileReference; lastKnownFileType = sourcecode.swift; path = exit_iosUITests.swift; sourceTree = "<group>"; };
		67B0F6CD23420172000D0387 /* Info.plist */ = {isa = PBXFileReference; lastKnownFileType = text.plist.xml; path = Info.plist; sourceTree = "<group>"; };
		67B0F6D923420265000D0387 /* SEMeetingViewController.swift */ = {isa = PBXFileReference; lastKnownFileType = sourcecode.swift; name = SEMeetingViewController.swift; path = Controller/SEMeetingViewController.swift; sourceTree = "<group>"; };
		67E4F4D4234483B4004BCC54 /* SEDateCell.swift */ = {isa = PBXFileReference; lastKnownFileType = sourcecode.swift; path = SEDateCell.swift; sourceTree = "<group>"; };
		86EC7F644F2068EECECD0C5D /* Pods-exit-iosTests.release.xcconfig */ = {isa = PBXFileReference; includeInIndex = 1; lastKnownFileType = text.xcconfig; name = "Pods-exit-iosTests.release.xcconfig"; path = "Target Support Files/Pods-exit-iosTests/Pods-exit-iosTests.release.xcconfig"; sourceTree = "<group>"; };
		94087F1F77F37409A1D142DE /* Pods_exit_ios.framework */ = {isa = PBXFileReference; explicitFileType = wrapper.framework; includeInIndex = 0; path = Pods_exit_ios.framework; sourceTree = BUILT_PRODUCTS_DIR; };
		9E3E4BEA2E72BC6D9ACA02FC /* Pods-exit-iosUITests.release.xcconfig */ = {isa = PBXFileReference; includeInIndex = 1; lastKnownFileType = text.xcconfig; name = "Pods-exit-iosUITests.release.xcconfig"; path = "Target Support Files/Pods-exit-iosUITests/Pods-exit-iosUITests.release.xcconfig"; sourceTree = "<group>"; };
		A041A0BF255FF375A0BA0E79 /* Pods-exit-iosTests.debug.xcconfig */ = {isa = PBXFileReference; includeInIndex = 1; lastKnownFileType = text.xcconfig; name = "Pods-exit-iosTests.debug.xcconfig"; path = "Target Support Files/Pods-exit-iosTests/Pods-exit-iosTests.debug.xcconfig"; sourceTree = "<group>"; };
		C839CA42DC779192D4B0422E /* Pods-exit-ios.debug.xcconfig */ = {isa = PBXFileReference; includeInIndex = 1; lastKnownFileType = text.xcconfig; name = "Pods-exit-ios.debug.xcconfig"; path = "Target Support Files/Pods-exit-ios/Pods-exit-ios.debug.xcconfig"; sourceTree = "<group>"; };
		ECF3C455B39B2E76A37CDEE1 /* Pods-exit-iosUITests.debug.xcconfig */ = {isa = PBXFileReference; includeInIndex = 1; lastKnownFileType = text.xcconfig; name = "Pods-exit-iosUITests.debug.xcconfig"; path = "Target Support Files/Pods-exit-iosUITests/Pods-exit-iosUITests.debug.xcconfig"; sourceTree = "<group>"; };
		F3D5399BDDF3CD3C75ED6D9E /* Pods_exit_iosUITests.framework */ = {isa = PBXFileReference; explicitFileType = wrapper.framework; includeInIndex = 0; path = Pods_exit_iosUITests.framework; sourceTree = BUILT_PRODUCTS_DIR; };
		FC572C30371CC0C712FEAD5C /* Pods-exit-ios.release.xcconfig */ = {isa = PBXFileReference; includeInIndex = 1; lastKnownFileType = text.xcconfig; name = "Pods-exit-ios.release.xcconfig"; path = "Target Support Files/Pods-exit-ios/Pods-exit-ios.release.xcconfig"; sourceTree = "<group>"; };
/* End PBXFileReference section */

/* Begin PBXFrameworksBuildPhase section */
		67B0F6A323420170000D0387 /* Frameworks */ = {
			isa = PBXFrameworksBuildPhase;
			buildActionMask = 2147483647;
			files = (
				2AF0445355240BCBAD210047 /* Pods_exit_ios.framework in Frameworks */,
			);
			runOnlyForDeploymentPostprocessing = 0;
		};
		67B0F6B923420172000D0387 /* Frameworks */ = {
			isa = PBXFrameworksBuildPhase;
			buildActionMask = 2147483647;
			files = (
				945C19BF67DBE8CB474617D6 /* Pods_exit_iosTests.framework in Frameworks */,
			);
			runOnlyForDeploymentPostprocessing = 0;
		};
		67B0F6C423420172000D0387 /* Frameworks */ = {
			isa = PBXFrameworksBuildPhase;
			buildActionMask = 2147483647;
			files = (
				ACB65286C27FEF7549C186CF /* Pods_exit_iosUITests.framework in Frameworks */,
			);
			runOnlyForDeploymentPostprocessing = 0;
		};
/* End PBXFrameworksBuildPhase section */

/* Begin PBXGroup section */
		0DD4FC0FD1ED9B570F0ACEC0 /* Frameworks */ = {
			isa = PBXGroup;
			children = (
				94087F1F77F37409A1D142DE /* Pods_exit_ios.framework */,
				4B48C69D508609942DC1D949 /* Pods_exit_iosTests.framework */,
				F3D5399BDDF3CD3C75ED6D9E /* Pods_exit_iosUITests.framework */,
			);
			name = Frameworks;
			sourceTree = "<group>";
		};
		67B0F69D23420170000D0387 = {
			isa = PBXGroup;
			children = (
				67B0F6A823420170000D0387 /* exit-ios */,
				67B0F6BF23420172000D0387 /* exit-iosTests */,
				67B0F6CA23420172000D0387 /* exit-iosUITests */,
				67B0F6A723420170000D0387 /* Products */,
				C7625ADCC850DE5F72784242 /* Pods */,
				0DD4FC0FD1ED9B570F0ACEC0 /* Frameworks */,
			);
			sourceTree = "<group>";
		};
		67B0F6A723420170000D0387 /* Products */ = {
			isa = PBXGroup;
			children = (
				67B0F6A623420170000D0387 /* exit-ios.app */,
				67B0F6BC23420172000D0387 /* exit-iosTests.xctest */,
				67B0F6C723420172000D0387 /* exit-iosUITests.xctest */,
			);
			name = Products;
			sourceTree = "<group>";
		};
		67B0F6A823420170000D0387 /* exit-ios */ = {
			isa = PBXGroup;
			children = (
				67B0F6A923420171000D0387 /* AppDelegate.swift */,
				67B0F6AB23420171000D0387 /* SceneDelegate.swift */,
				67B0F6D923420265000D0387 /* SEMeetingViewController.swift */,
				67B0F6AD23420171000D0387 /* ViewController.swift */,
				67B0F6AF23420171000D0387 /* Main.storyboard */,
				67B0F6B223420172000D0387 /* Assets.xcassets */,
				67E4F4D923448E05004BCC54 /* View */,
				67B0F6B423420172000D0387 /* LaunchScreen.storyboard */,
				67B0F6B723420172000D0387 /* Info.plist */,
			);
			path = "exit-ios";
			sourceTree = "<group>";
		};
		67B0F6BF23420172000D0387 /* exit-iosTests */ = {
			isa = PBXGroup;
			children = (
				67B0F6C023420172000D0387 /* exit_iosTests.swift */,
				67B0F6C223420172000D0387 /* Info.plist */,
			);
			path = "exit-iosTests";
			sourceTree = "<group>";
		};
		67B0F6CA23420172000D0387 /* exit-iosUITests */ = {
			isa = PBXGroup;
			children = (
				67B0F6CB23420172000D0387 /* exit_iosUITests.swift */,
				67B0F6CD23420172000D0387 /* Info.plist */,
			);
			path = "exit-iosUITests";
			sourceTree = "<group>";
		};
		67E4F4D923448E05004BCC54 /* View */ = {
			isa = PBXGroup;
			children = (
				67E4F4D4234483B4004BCC54 /* SEDateCell.swift */,
			);
			path = View;
			sourceTree = "<group>";
		};
		C7625ADCC850DE5F72784242 /* Pods */ = {
			isa = PBXGroup;
			children = (
				C839CA42DC779192D4B0422E /* Pods-exit-ios.debug.xcconfig */,
				FC572C30371CC0C712FEAD5C /* Pods-exit-ios.release.xcconfig */,
				A041A0BF255FF375A0BA0E79 /* Pods-exit-iosTests.debug.xcconfig */,
				86EC7F644F2068EECECD0C5D /* Pods-exit-iosTests.release.xcconfig */,
				ECF3C455B39B2E76A37CDEE1 /* Pods-exit-iosUITests.debug.xcconfig */,
				9E3E4BEA2E72BC6D9ACA02FC /* Pods-exit-iosUITests.release.xcconfig */,
			);
			path = Pods;
			sourceTree = "<group>";
		};
/* End PBXGroup section */

/* Begin PBXNativeTarget section */
		67B0F6A523420170000D0387 /* exit-ios */ = {
			isa = PBXNativeTarget;
			buildConfigurationList = 67B0F6D023420172000D0387 /* Build configuration list for PBXNativeTarget "exit-ios" */;
			buildPhases = (
				20038E391BA96EE1027C7ACC /* [CP] Check Pods Manifest.lock */,
				67B0F6A223420170000D0387 /* Sources */,
				67B0F6A323420170000D0387 /* Frameworks */,
				67B0F6A423420170000D0387 /* Resources */,
				1892491B6CE2587D6F1962C8 /* [CP] Embed Pods Frameworks */,
			);
			buildRules = (
			);
			dependencies = (
			);
			name = "exit-ios";
			productName = "exit-ios";
			productReference = 67B0F6A623420170000D0387 /* exit-ios.app */;
			productType = "com.apple.product-type.application";
		};
		67B0F6BB23420172000D0387 /* exit-iosTests */ = {
			isa = PBXNativeTarget;
			buildConfigurationList = 67B0F6D323420172000D0387 /* Build configuration list for PBXNativeTarget "exit-iosTests" */;
			buildPhases = (
				44097EFE3374753A77E0F138 /* [CP] Check Pods Manifest.lock */,
				67B0F6B823420172000D0387 /* Sources */,
				67B0F6B923420172000D0387 /* Frameworks */,
				67B0F6BA23420172000D0387 /* Resources */,
			);
			buildRules = (
			);
			dependencies = (
				67B0F6BE23420172000D0387 /* PBXTargetDependency */,
			);
			name = "exit-iosTests";
			productName = "exit-iosTests";
			productReference = 67B0F6BC23420172000D0387 /* exit-iosTests.xctest */;
			productType = "com.apple.product-type.bundle.unit-test";
		};
		67B0F6C623420172000D0387 /* exit-iosUITests */ = {
			isa = PBXNativeTarget;
			buildConfigurationList = 67B0F6D623420172000D0387 /* Build configuration list for PBXNativeTarget "exit-iosUITests" */;
			buildPhases = (
				2AE3B2F207D57BD77B51325C /* [CP] Check Pods Manifest.lock */,
				67B0F6C323420172000D0387 /* Sources */,
				67B0F6C423420172000D0387 /* Frameworks */,
				67B0F6C523420172000D0387 /* Resources */,
			);
			buildRules = (
			);
			dependencies = (
				67B0F6C923420172000D0387 /* PBXTargetDependency */,
			);
			name = "exit-iosUITests";
			productName = "exit-iosUITests";
			productReference = 67B0F6C723420172000D0387 /* exit-iosUITests.xctest */;
			productType = "com.apple.product-type.bundle.ui-testing";
		};
/* End PBXNativeTarget section */

/* Begin PBXProject section */
		67B0F69E23420170000D0387 /* Project object */ = {
			isa = PBXProject;
			attributes = {
				LastSwiftUpdateCheck = 1100;
				LastUpgradeCheck = 1100;
				ORGANIZATIONNAME = lotco;
				TargetAttributes = {
					67B0F6A523420170000D0387 = {
						CreatedOnToolsVersion = 11.0;
					};
					67B0F6BB23420172000D0387 = {
						CreatedOnToolsVersion = 11.0;
						TestTargetID = 67B0F6A523420170000D0387;
					};
					67B0F6C623420172000D0387 = {
						CreatedOnToolsVersion = 11.0;
						TestTargetID = 67B0F6A523420170000D0387;
					};
				};
			};
			buildConfigurationList = 67B0F6A123420170000D0387 /* Build configuration list for PBXProject "exit-ios" */;
			compatibilityVersion = "Xcode 9.3";
			developmentRegion = en;
			hasScannedForEncodings = 0;
			knownRegions = (
				en,
				Base,
			);
			mainGroup = 67B0F69D23420170000D0387;
			productRefGroup = 67B0F6A723420170000D0387 /* Products */;
			projectDirPath = "";
			projectRoot = "";
			targets = (
				67B0F6A523420170000D0387 /* exit-ios */,
				67B0F6BB23420172000D0387 /* exit-iosTests */,
				67B0F6C623420172000D0387 /* exit-iosUITests */,
			);
		};
/* End PBXProject section */

/* Begin PBXResourcesBuildPhase section */
		67B0F6A423420170000D0387 /* Resources */ = {
			isa = PBXResourcesBuildPhase;
			buildActionMask = 2147483647;
			files = (
				67B0F6B623420172000D0387 /* LaunchScreen.storyboard in Resources */,
				67B0F6B323420172000D0387 /* Assets.xcassets in Resources */,
				67B0F6B123420171000D0387 /* Main.storyboard in Resources */,
			);
			runOnlyForDeploymentPostprocessing = 0;
		};
		67B0F6BA23420172000D0387 /* Resources */ = {
			isa = PBXResourcesBuildPhase;
			buildActionMask = 2147483647;
			files = (
			);
			runOnlyForDeploymentPostprocessing = 0;
		};
		67B0F6C523420172000D0387 /* Resources */ = {
			isa = PBXResourcesBuildPhase;
			buildActionMask = 2147483647;
			files = (
			);
			runOnlyForDeploymentPostprocessing = 0;
		};
/* End PBXResourcesBuildPhase section */

/* Begin PBXShellScriptBuildPhase section */
		1892491B6CE2587D6F1962C8 /* [CP] Embed Pods Frameworks */ = {
			isa = PBXShellScriptBuildPhase;
			buildActionMask = 2147483647;
			files = (
			);
			inputFileListPaths = (
				"${PODS_ROOT}/Target Support Files/Pods-exit-ios/Pods-exit-ios-frameworks-${CONFIGURATION}-input-files.xcfilelist",
			);
			name = "[CP] Embed Pods Frameworks";
			outputFileListPaths = (
				"${PODS_ROOT}/Target Support Files/Pods-exit-ios/Pods-exit-ios-frameworks-${CONFIGURATION}-output-files.xcfilelist",
			);
			runOnlyForDeploymentPostprocessing = 0;
			shellPath = /bin/sh;
			shellScript = "\"${PODS_ROOT}/Target Support Files/Pods-exit-ios/Pods-exit-ios-frameworks.sh\"\n";
			showEnvVarsInLog = 0;
		};
		20038E391BA96EE1027C7ACC /* [CP] Check Pods Manifest.lock */ = {
			isa = PBXShellScriptBuildPhase;
			buildActionMask = 2147483647;
			files = (
			);
			inputFileListPaths = (
			);
			inputPaths = (
				"${PODS_PODFILE_DIR_PATH}/Podfile.lock",
				"${PODS_ROOT}/Manifest.lock",
			);
			name = "[CP] Check Pods Manifest.lock";
			outputFileListPaths = (
			);
			outputPaths = (
				"$(DERIVED_FILE_DIR)/Pods-exit-ios-checkManifestLockResult.txt",
			);
			runOnlyForDeploymentPostprocessing = 0;
			shellPath = /bin/sh;
			shellScript = "diff \"${PODS_PODFILE_DIR_PATH}/Podfile.lock\" \"${PODS_ROOT}/Manifest.lock\" > /dev/null\nif [ $? != 0 ] ; then\n    # print error to STDERR\n    echo \"error: The sandbox is not in sync with the Podfile.lock. Run 'pod install' or update your CocoaPods installation.\" >&2\n    exit 1\nfi\n# This output is used by Xcode 'outputs' to avoid re-running this script phase.\necho \"SUCCESS\" > \"${SCRIPT_OUTPUT_FILE_0}\"\n";
			showEnvVarsInLog = 0;
		};
		2AE3B2F207D57BD77B51325C /* [CP] Check Pods Manifest.lock */ = {
			isa = PBXShellScriptBuildPhase;
			buildActionMask = 2147483647;
			files = (
			);
			inputFileListPaths = (
			);
			inputPaths = (
				"${PODS_PODFILE_DIR_PATH}/Podfile.lock",
				"${PODS_ROOT}/Manifest.lock",
			);
			name = "[CP] Check Pods Manifest.lock";
			outputFileListPaths = (
			);
			outputPaths = (
				"$(DERIVED_FILE_DIR)/Pods-exit-iosUITests-checkManifestLockResult.txt",
			);
			runOnlyForDeploymentPostprocessing = 0;
			shellPath = /bin/sh;
			shellScript = "diff \"${PODS_PODFILE_DIR_PATH}/Podfile.lock\" \"${PODS_ROOT}/Manifest.lock\" > /dev/null\nif [ $? != 0 ] ; then\n    # print error to STDERR\n    echo \"error: The sandbox is not in sync with the Podfile.lock. Run 'pod install' or update your CocoaPods installation.\" >&2\n    exit 1\nfi\n# This output is used by Xcode 'outputs' to avoid re-running this script phase.\necho \"SUCCESS\" > \"${SCRIPT_OUTPUT_FILE_0}\"\n";
			showEnvVarsInLog = 0;
		};
		44097EFE3374753A77E0F138 /* [CP] Check Pods Manifest.lock */ = {
			isa = PBXShellScriptBuildPhase;
			buildActionMask = 2147483647;
			files = (
			);
			inputFileListPaths = (
			);
			inputPaths = (
				"${PODS_PODFILE_DIR_PATH}/Podfile.lock",
				"${PODS_ROOT}/Manifest.lock",
			);
			name = "[CP] Check Pods Manifest.lock";
			outputFileListPaths = (
			);
			outputPaths = (
				"$(DERIVED_FILE_DIR)/Pods-exit-iosTests-checkManifestLockResult.txt",
			);
			runOnlyForDeploymentPostprocessing = 0;
			shellPath = /bin/sh;
			shellScript = "diff \"${PODS_PODFILE_DIR_PATH}/Podfile.lock\" \"${PODS_ROOT}/Manifest.lock\" > /dev/null\nif [ $? != 0 ] ; then\n    # print error to STDERR\n    echo \"error: The sandbox is not in sync with the Podfile.lock. Run 'pod install' or update your CocoaPods installation.\" >&2\n    exit 1\nfi\n# This output is used by Xcode 'outputs' to avoid re-running this script phase.\necho \"SUCCESS\" > \"${SCRIPT_OUTPUT_FILE_0}\"\n";
			showEnvVarsInLog = 0;
		};
/* End PBXShellScriptBuildPhase section */

/* Begin PBXSourcesBuildPhase section */
		67B0F6A223420170000D0387 /* Sources */ = {
			isa = PBXSourcesBuildPhase;
			buildActionMask = 2147483647;
			files = (
				67B0F6DA23420265000D0387 /* SEMeetingViewController.swift in Sources */,
				67B0F6AE23420171000D0387 /* ViewController.swift in Sources */,
				67B0F6AA23420171000D0387 /* AppDelegate.swift in Sources */,
				67E4F4D5234483B4004BCC54 /* SEDateCell.swift in Sources */,
				67B0F6AC23420171000D0387 /* SceneDelegate.swift in Sources */,
			);
			runOnlyForDeploymentPostprocessing = 0;
		};
		67B0F6B823420172000D0387 /* Sources */ = {
			isa = PBXSourcesBuildPhase;
			buildActionMask = 2147483647;
			files = (
				67B0F6C123420172000D0387 /* exit_iosTests.swift in Sources */,
			);
			runOnlyForDeploymentPostprocessing = 0;
		};
		67B0F6C323420172000D0387 /* Sources */ = {
			isa = PBXSourcesBuildPhase;
			buildActionMask = 2147483647;
			files = (
				67B0F6CC23420172000D0387 /* exit_iosUITests.swift in Sources */,
			);
			runOnlyForDeploymentPostprocessing = 0;
		};
/* End PBXSourcesBuildPhase section */

/* Begin PBXTargetDependency section */
		67B0F6BE23420172000D0387 /* PBXTargetDependency */ = {
			isa = PBXTargetDependency;
			target = 67B0F6A523420170000D0387 /* exit-ios */;
			targetProxy = 67B0F6BD23420172000D0387 /* PBXContainerItemProxy */;
		};
		67B0F6C923420172000D0387 /* PBXTargetDependency */ = {
			isa = PBXTargetDependency;
			target = 67B0F6A523420170000D0387 /* exit-ios */;
			targetProxy = 67B0F6C823420172000D0387 /* PBXContainerItemProxy */;
		};
/* End PBXTargetDependency section */

/* Begin PBXVariantGroup section */
		67B0F6AF23420171000D0387 /* Main.storyboard */ = {
			isa = PBXVariantGroup;
			children = (
				67B0F6B023420171000D0387 /* Base */,
			);
			name = Main.storyboard;
			sourceTree = "<group>";
		};
		67B0F6B423420172000D0387 /* LaunchScreen.storyboard */ = {
			isa = PBXVariantGroup;
			children = (
				67B0F6B523420172000D0387 /* Base */,
			);
			name = LaunchScreen.storyboard;
			sourceTree = "<group>";
		};
/* End PBXVariantGroup section */

/* Begin XCBuildConfiguration section */
		67B0F6CE23420172000D0387 /* Debug */ = {
			isa = XCBuildConfiguration;
			buildSettings = {
				ALWAYS_SEARCH_USER_PATHS = NO;
				CLANG_ANALYZER_NONNULL = YES;
				CLANG_ANALYZER_NUMBER_OBJECT_CONVERSION = YES_AGGRESSIVE;
				CLANG_CXX_LANGUAGE_STANDARD = "gnu++14";
				CLANG_CXX_LIBRARY = "libc++";
				CLANG_ENABLE_MODULES = YES;
				CLANG_ENABLE_OBJC_ARC = YES;
				CLANG_ENABLE_OBJC_WEAK = YES;
				CLANG_WARN_BLOCK_CAPTURE_AUTORELEASING = YES;
				CLANG_WARN_BOOL_CONVERSION = YES;
				CLANG_WARN_COMMA = YES;
				CLANG_WARN_CONSTANT_CONVERSION = YES;
				CLANG_WARN_DEPRECATED_OBJC_IMPLEMENTATIONS = YES;
				CLANG_WARN_DIRECT_OBJC_ISA_USAGE = YES_ERROR;
				CLANG_WARN_DOCUMENTATION_COMMENTS = YES;
				CLANG_WARN_EMPTY_BODY = YES;
				CLANG_WARN_ENUM_CONVERSION = YES;
				CLANG_WARN_INFINITE_RECURSION = YES;
				CLANG_WARN_INT_CONVERSION = YES;
				CLANG_WARN_NON_LITERAL_NULL_CONVERSION = YES;
				CLANG_WARN_OBJC_IMPLICIT_RETAIN_SELF = YES;
				CLANG_WARN_OBJC_LITERAL_CONVERSION = YES;
				CLANG_WARN_OBJC_ROOT_CLASS = YES_ERROR;
				CLANG_WARN_RANGE_LOOP_ANALYSIS = YES;
				CLANG_WARN_STRICT_PROTOTYPES = YES;
				CLANG_WARN_SUSPICIOUS_MOVE = YES;
				CLANG_WARN_UNGUARDED_AVAILABILITY = YES_AGGRESSIVE;
				CLANG_WARN_UNREACHABLE_CODE = YES;
				CLANG_WARN__DUPLICATE_METHOD_MATCH = YES;
				COPY_PHASE_STRIP = NO;
				DEBUG_INFORMATION_FORMAT = dwarf;
				ENABLE_STRICT_OBJC_MSGSEND = YES;
				ENABLE_TESTABILITY = YES;
				GCC_C_LANGUAGE_STANDARD = gnu11;
				GCC_DYNAMIC_NO_PIC = NO;
				GCC_NO_COMMON_BLOCKS = YES;
				GCC_OPTIMIZATION_LEVEL = 0;
				GCC_PREPROCESSOR_DEFINITIONS = (
					"DEBUG=1",
					"$(inherited)",
				);
				GCC_WARN_64_TO_32_BIT_CONVERSION = YES;
				GCC_WARN_ABOUT_RETURN_TYPE = YES_ERROR;
				GCC_WARN_UNDECLARED_SELECTOR = YES;
				GCC_WARN_UNINITIALIZED_AUTOS = YES_AGGRESSIVE;
				GCC_WARN_UNUSED_FUNCTION = YES;
				GCC_WARN_UNUSED_VARIABLE = YES;
				IPHONEOS_DEPLOYMENT_TARGET = 13.0;
				MTL_ENABLE_DEBUG_INFO = INCLUDE_SOURCE;
				MTL_FAST_MATH = YES;
				ONLY_ACTIVE_ARCH = YES;
				SDKROOT = iphoneos;
				SWIFT_ACTIVE_COMPILATION_CONDITIONS = DEBUG;
				SWIFT_OPTIMIZATION_LEVEL = "-Onone";
			};
			name = Debug;
		};
		67B0F6CF23420172000D0387 /* Release */ = {
			isa = XCBuildConfiguration;
			buildSettings = {
				ALWAYS_SEARCH_USER_PATHS = NO;
				CLANG_ANALYZER_NONNULL = YES;
				CLANG_ANALYZER_NUMBER_OBJECT_CONVERSION = YES_AGGRESSIVE;
				CLANG_CXX_LANGUAGE_STANDARD = "gnu++14";
				CLANG_CXX_LIBRARY = "libc++";
				CLANG_ENABLE_MODULES = YES;
				CLANG_ENABLE_OBJC_ARC = YES;
				CLANG_ENABLE_OBJC_WEAK = YES;
				CLANG_WARN_BLOCK_CAPTURE_AUTORELEASING = YES;
				CLANG_WARN_BOOL_CONVERSION = YES;
				CLANG_WARN_COMMA = YES;
				CLANG_WARN_CONSTANT_CONVERSION = YES;
				CLANG_WARN_DEPRECATED_OBJC_IMPLEMENTATIONS = YES;
				CLANG_WARN_DIRECT_OBJC_ISA_USAGE = YES_ERROR;
				CLANG_WARN_DOCUMENTATION_COMMENTS = YES;
				CLANG_WARN_EMPTY_BODY = YES;
				CLANG_WARN_ENUM_CONVERSION = YES;
				CLANG_WARN_INFINITE_RECURSION = YES;
				CLANG_WARN_INT_CONVERSION = YES;
				CLANG_WARN_NON_LITERAL_NULL_CONVERSION = YES;
				CLANG_WARN_OBJC_IMPLICIT_RETAIN_SELF = YES;
				CLANG_WARN_OBJC_LITERAL_CONVERSION = YES;
				CLANG_WARN_OBJC_ROOT_CLASS = YES_ERROR;
				CLANG_WARN_RANGE_LOOP_ANALYSIS = YES;
				CLANG_WARN_STRICT_PROTOTYPES = YES;
				CLANG_WARN_SUSPICIOUS_MOVE = YES;
				CLANG_WARN_UNGUARDED_AVAILABILITY = YES_AGGRESSIVE;
				CLANG_WARN_UNREACHABLE_CODE = YES;
				CLANG_WARN__DUPLICATE_METHOD_MATCH = YES;
				COPY_PHASE_STRIP = NO;
				DEBUG_INFORMATION_FORMAT = "dwarf-with-dsym";
				ENABLE_NS_ASSERTIONS = NO;
				ENABLE_STRICT_OBJC_MSGSEND = YES;
				GCC_C_LANGUAGE_STANDARD = gnu11;
				GCC_NO_COMMON_BLOCKS = YES;
				GCC_WARN_64_TO_32_BIT_CONVERSION = YES;
				GCC_WARN_ABOUT_RETURN_TYPE = YES_ERROR;
				GCC_WARN_UNDECLARED_SELECTOR = YES;
				GCC_WARN_UNINITIALIZED_AUTOS = YES_AGGRESSIVE;
				GCC_WARN_UNUSED_FUNCTION = YES;
				GCC_WARN_UNUSED_VARIABLE = YES;
				IPHONEOS_DEPLOYMENT_TARGET = 13.0;
				MTL_ENABLE_DEBUG_INFO = NO;
				MTL_FAST_MATH = YES;
				SDKROOT = iphoneos;
				SWIFT_COMPILATION_MODE = wholemodule;
				SWIFT_OPTIMIZATION_LEVEL = "-O";
				VALIDATE_PRODUCT = YES;
			};
			name = Release;
		};
		67B0F6D123420172000D0387 /* Debug */ = {
			isa = XCBuildConfiguration;
			baseConfigurationReference = C839CA42DC779192D4B0422E /* Pods-exit-ios.debug.xcconfig */;
			buildSettings = {
				ASSETCATALOG_COMPILER_APPICON_NAME = AppIcon;
				CODE_SIGN_STYLE = Automatic;
				DEVELOPMENT_TEAM = SW2PUT35TC;
				INFOPLIST_FILE = "exit-ios/Info.plist";
				LD_RUNPATH_SEARCH_PATHS = (
					"$(inherited)",
					"@executable_path/Frameworks",
				);
				PRODUCT_BUNDLE_IDENTIFIER = "de.lotco.a.exit-ios";
				PRODUCT_NAME = "$(TARGET_NAME)";
				SWIFT_VERSION = 5.0;
				TARGETED_DEVICE_FAMILY = "1,2";
			};
			name = Debug;
		};
		67B0F6D223420172000D0387 /* Release */ = {
			isa = XCBuildConfiguration;
			baseConfigurationReference = FC572C30371CC0C712FEAD5C /* Pods-exit-ios.release.xcconfig */;
			buildSettings = {
				ASSETCATALOG_COMPILER_APPICON_NAME = AppIcon;
				CODE_SIGN_STYLE = Automatic;
				DEVELOPMENT_TEAM = SW2PUT35TC;
				INFOPLIST_FILE = "exit-ios/Info.plist";
				LD_RUNPATH_SEARCH_PATHS = (
					"$(inherited)",
					"@executable_path/Frameworks",
				);
				PRODUCT_BUNDLE_IDENTIFIER = "de.lotco.a.exit-ios";
				PRODUCT_NAME = "$(TARGET_NAME)";
				SWIFT_VERSION = 5.0;
				TARGETED_DEVICE_FAMILY = "1,2";
			};
			name = Release;
		};
		67B0F6D423420172000D0387 /* Debug */ = {
			isa = XCBuildConfiguration;
			baseConfigurationReference = A041A0BF255FF375A0BA0E79 /* Pods-exit-iosTests.debug.xcconfig */;
			buildSettings = {
				ALWAYS_EMBED_SWIFT_STANDARD_LIBRARIES = YES;
				BUNDLE_LOADER = "$(TEST_HOST)";
				CODE_SIGN_STYLE = Automatic;
				DEVELOPMENT_TEAM = SW2PUT35TC;
				INFOPLIST_FILE = "exit-iosTests/Info.plist";
				IPHONEOS_DEPLOYMENT_TARGET = 13.0;
				LD_RUNPATH_SEARCH_PATHS = (
					"$(inherited)",
					"@executable_path/Frameworks",
					"@loader_path/Frameworks",
				);
				PRODUCT_BUNDLE_IDENTIFIER = "de.lotco.a.exit-iosTests";
				PRODUCT_NAME = "$(TARGET_NAME)";
				SWIFT_VERSION = 5.0;
				TARGETED_DEVICE_FAMILY = "1,2";
				TEST_HOST = "$(BUILT_PRODUCTS_DIR)/exit-ios.app/exit-ios";
			};
			name = Debug;
		};
		67B0F6D523420172000D0387 /* Release */ = {
			isa = XCBuildConfiguration;
			baseConfigurationReference = 86EC7F644F2068EECECD0C5D /* Pods-exit-iosTests.release.xcconfig */;
			buildSettings = {
				ALWAYS_EMBED_SWIFT_STANDARD_LIBRARIES = YES;
				BUNDLE_LOADER = "$(TEST_HOST)";
				CODE_SIGN_STYLE = Automatic;
				DEVELOPMENT_TEAM = SW2PUT35TC;
				INFOPLIST_FILE = "exit-iosTests/Info.plist";
				IPHONEOS_DEPLOYMENT_TARGET = 13.0;
				LD_RUNPATH_SEARCH_PATHS = (
					"$(inherited)",
					"@executable_path/Frameworks",
					"@loader_path/Frameworks",
				);
				PRODUCT_BUNDLE_IDENTIFIER = "de.lotco.a.exit-iosTests";
				PRODUCT_NAME = "$(TARGET_NAME)";
				SWIFT_VERSION = 5.0;
				TARGETED_DEVICE_FAMILY = "1,2";
				TEST_HOST = "$(BUILT_PRODUCTS_DIR)/exit-ios.app/exit-ios";
			};
			name = Release;
		};
		67B0F6D723420172000D0387 /* Debug */ = {
			isa = XCBuildConfiguration;
			baseConfigurationReference = ECF3C455B39B2E76A37CDEE1 /* Pods-exit-iosUITests.debug.xcconfig */;
			buildSettings = {
				ALWAYS_EMBED_SWIFT_STANDARD_LIBRARIES = YES;
				CODE_SIGN_STYLE = Automatic;
				DEVELOPMENT_TEAM = SW2PUT35TC;
				INFOPLIST_FILE = "exit-iosUITests/Info.plist";
				LD_RUNPATH_SEARCH_PATHS = (
					"$(inherited)",
					"@executable_path/Frameworks",
					"@loader_path/Frameworks",
				);
				PRODUCT_BUNDLE_IDENTIFIER = "de.lotco.a.exit-iosUITests";
				PRODUCT_NAME = "$(TARGET_NAME)";
				SWIFT_VERSION = 5.0;
				TARGETED_DEVICE_FAMILY = "1,2";
				TEST_TARGET_NAME = "exit-ios";
			};
			name = Debug;
		};
		67B0F6D823420172000D0387 /* Release */ = {
			isa = XCBuildConfiguration;
			baseConfigurationReference = 9E3E4BEA2E72BC6D9ACA02FC /* Pods-exit-iosUITests.release.xcconfig */;
			buildSettings = {
				ALWAYS_EMBED_SWIFT_STANDARD_LIBRARIES = YES;
				CODE_SIGN_STYLE = Automatic;
				DEVELOPMENT_TEAM = SW2PUT35TC;
				INFOPLIST_FILE = "exit-iosUITests/Info.plist";
				LD_RUNPATH_SEARCH_PATHS = (
					"$(inherited)",
					"@executable_path/Frameworks",
					"@loader_path/Frameworks",
				);
				PRODUCT_BUNDLE_IDENTIFIER = "de.lotco.a.exit-iosUITests";
				PRODUCT_NAME = "$(TARGET_NAME)";
				SWIFT_VERSION = 5.0;
				TARGETED_DEVICE_FAMILY = "1,2";
				TEST_TARGET_NAME = "exit-ios";
			};
			name = Release;
		};
/* End XCBuildConfiguration section */

/* Begin XCConfigurationList section */
		67B0F6A123420170000D0387 /* Build configuration list for PBXProject "exit-ios" */ = {
			isa = XCConfigurationList;
			buildConfigurations = (
				67B0F6CE23420172000D0387 /* Debug */,
				67B0F6CF23420172000D0387 /* Release */,
			);
			defaultConfigurationIsVisible = 0;
			defaultConfigurationName = Release;
		};
		67B0F6D023420172000D0387 /* Build configuration list for PBXNativeTarget "exit-ios" */ = {
			isa = XCConfigurationList;
			buildConfigurations = (
				67B0F6D123420172000D0387 /* Debug */,
				67B0F6D223420172000D0387 /* Release */,
			);
			defaultConfigurationIsVisible = 0;
			defaultConfigurationName = Release;
		};
		67B0F6D323420172000D0387 /* Build configuration list for PBXNativeTarget "exit-iosTests" */ = {
			isa = XCConfigurationList;
			buildConfigurations = (
				67B0F6D423420172000D0387 /* Debug */,
				67B0F6D523420172000D0387 /* Release */,
			);
			defaultConfigurationIsVisible = 0;
			defaultConfigurationName = Release;
		};
		67B0F6D623420172000D0387 /* Build configuration list for PBXNativeTarget "exit-iosUITests" */ = {
			isa = XCConfigurationList;
			buildConfigurations = (
				67B0F6D723420172000D0387 /* Debug */,
				67B0F6D823420172000D0387 /* Release */,
			);
			defaultConfigurationIsVisible = 0;
			defaultConfigurationName = Release;
		};
/* End XCConfigurationList section */
	};
	rootObject = 67B0F69E23420170000D0387 /* Project object */;
}
